
Microsoft Visual Studio Solution File, Format Version 12.00
# Visual Studio 14
VisualStudioVersion = 14.0.25420.1
MinimumVisualStudioVersion = 10.0.40219.1
Project("{2150E333-8FDC-42A3-9474-1A3956D46DE8}") = "src", "src", "{32620270-0BB7-4709-B232-C2976B0D382A}"
EndProject
Project("{2150E333-8FDC-42A3-9474-1A3956D46DE8}") = "Solution Items", "Solution Items", "{C9AC0E01-9542-422D-AFFA-24CA1513D966}"
	ProjectSection(SolutionItems) = preProject
		global.json = global.json
	EndProjectSection
EndProject
Project("{8BB2217D-0F2D-49D1-97BC-3654ED321F3B}") = "AccountantSystemv3", "src\AccountantSystemv3\AccountantSystemv3.xproj", "{25712F93-68F1-402A-B8A2-A08D1B5671D4}"
EndProject
Global
	GlobalSection(SolutionConfigurationPlatforms) = preSolution
		Debug|Any CPU = Debug|Any CPU
		Release|Any CPU = Release|Any CPU
	EndGlobalSection
	GlobalSection(ProjectConfigurationPlatforms) = postSolution
		{25712F93-68F1-402A-B8A2-A08D1B5671D4}.Debug|Any CPU.ActiveCfg = Debug|Any CPU
		{25712F93-68F1-402A-B8A2-A08D1B5671D4}.Debug|Any CPU.Build.0 = Debug|Any CPU
		{25712F93-68F1-402A-B8A2-A08D1B5671D4}.Release|Any CPU.ActiveCfg = Release|Any CPU
		{25712F93-68F1-402A-B8A2-A08D1B5671D4}.Release|Any CPU.Build.0 = Release|Any CPU
	EndGlobalSection
	GlobalSection(SolutionProperties) = preSolution
		HideSolutionNode = FALSE
	EndGlobalSection
	GlobalSection(NestedProjects) = preSolution
		{25712F93-68F1-402A-B8A2-A08D1B5671D4} = {32620270-0BB7-4709-B232-C2976B0D382A}
	EndGlobalSection
EndGlobal
